// !$*UTF8*$!
{
	archiveVersion = 1;
	classes = {
	};
	objectVersion = 56;
	objects = {

/* Begin PBXBuildFile section */
		90342E952999981E00539BAD /* MatchedView.swift in Sources */ = {isa = PBXBuildFile; fileRef = 90342E942999981E00539BAD /* MatchedView.swift */; };
		90342E97299998BF00539BAD /* Home View.swift in Sources */ = {isa = PBXBuildFile; fileRef = 90342E96299998BF00539BAD /* Home View.swift */; };
		90342E9A2999D42D00539BAD /* BlobView.swift in Sources */ = {isa = PBXBuildFile; fileRef = 90342E992999D42D00539BAD /* BlobView.swift */; };
		90342E9D2999D45100539BAD /* FeaturedItems.swift in Sources */ = {isa = PBXBuildFile; fileRef = 90342E9C2999D45100539BAD /* FeaturedItems.swift */; };
		90342E9F2999D46200539BAD /* HexagonView.swift in Sources */ = {isa = PBXBuildFile; fileRef = 90342E9E2999D46200539BAD /* HexagonView.swift */; };
		90342EA12999D4A000539BAD /* CourseItem.swift in Sources */ = {isa = PBXBuildFile; fileRef = 90342EA02999D4A000539BAD /* CourseItem.swift */; };
		90342EA32999D5E300539BAD /* CourseView.swift in Sources */ = {isa = PBXBuildFile; fileRef = 90342EA22999D5E300539BAD /* CourseView.swift */; };
		903D5CC4299187520032DD52 /* brain_games_appApp.swift in Sources */ = {isa = PBXBuildFile; fileRef = 903D5CC3299187520032DD52 /* brain_games_appApp.swift */; };
		903D5CC6299187520032DD52 /* ContentView.swift in Sources */ = {isa = PBXBuildFile; fileRef = 903D5CC5299187520032DD52 /* ContentView.swift */; };
		903D5CCC299187590032DD52 /* Preview Assets.xcassets in Resources */ = {isa = PBXBuildFile; fileRef = 903D5CCB299187590032DD52 /* Preview Assets.xcassets */; };
		90D01EF729998D8000EA3065 /* Styles in Resources */ = {isa = PBXBuildFile; fileRef = 90D01EF629998D8000EA3065 /* Styles */; };
		90D01EF929998DBD00EA3065 /* Navigation in Resources */ = {isa = PBXBuildFile; fileRef = 90D01EF829998DBD00EA3065 /* Navigation */; };
/* End PBXBuildFile section */

/* Begin PBXFileReference section */
		90342E942999981E00539BAD /* MatchedView.swift */ = {isa = PBXFileReference; lastKnownFileType = sourcecode.swift; path = MatchedView.swift; sourceTree = "<group>"; };
		90342E96299998BF00539BAD /* Home View.swift */ = {isa = PBXFileReference; lastKnownFileType = sourcecode.swift; path = "Home View.swift"; sourceTree = "<group>"; };
		90342E992999D42D00539BAD /* BlobView.swift */ = {isa = PBXFileReference; lastKnownFileType = sourcecode.swift; path = BlobView.swift; sourceTree = "<group>"; };
		90342E9C2999D45100539BAD /* FeaturedItems.swift */ = {isa = PBXFileReference; lastKnownFileType = sourcecode.swift; path = FeaturedItems.swift; sourceTree = "<group>"; };
		90342E9E2999D46200539BAD /* HexagonView.swift */ = {isa = PBXFileReference; lastKnownFileType = sourcecode.swift; path = HexagonView.swift; sourceTree = "<group>"; };
		90342EA02999D4A000539BAD /* CourseItem.swift */ = {isa = PBXFileReference; lastKnownFileType = sourcecode.swift; path = CourseItem.swift; sourceTree = "<group>"; };
		90342EA22999D5E300539BAD /* CourseView.swift */ = {isa = PBXFileReference; lastKnownFileType = sourcecode.swift; path = CourseView.swift; sourceTree = "<group>"; };
		903D5CC0299187520032DD52 /* brain_games_app.app */ = {isa = PBXFileReference; explicitFileType = wrapper.application; includeInIndex = 0; path = brain_games_app.app; sourceTree = BUILT_PRODUCTS_DIR; };
		903D5CC3299187520032DD52 /* brain_games_appApp.swift */ = {isa = PBXFileReference; lastKnownFileType = sourcecode.swift; path = brain_games_appApp.swift; sourceTree = "<group>"; };
		903D5CC5299187520032DD52 /* ContentView.swift */ = {isa = PBXFileReference; lastKnownFileType = sourcecode.swift; path = ContentView.swift; sourceTree = "<group>"; };
		903D5CC9299187590032DD52 /* brain_games_app.entitlements */ = {isa = PBXFileReference; lastKnownFileType = text.plist.entitlements; path = brain_games_app.entitlements; sourceTree = "<group>"; };
		903D5CCB299187590032DD52 /* Preview Assets.xcassets */ = {isa = PBXFileReference; lastKnownFileType = folder.assetcatalog; path = "Preview Assets.xcassets"; sourceTree = "<group>"; };
		90D01EF629998D8000EA3065 /* Styles */ = {isa = PBXFileReference; lastKnownFileType = folder; path = Styles; sourceTree = "<group>"; };
		90D01EF829998DBD00EA3065 /* Navigation */ = {isa = PBXFileReference; lastKnownFileType = folder; path = Navigation; sourceTree = "<group>"; };
/* End PBXFileReference section */

/* Begin PBXFrameworksBuildPhase section */
		903D5CBD299187520032DD52 /* Frameworks */ = {
			isa = PBXFrameworksBuildPhase;
			buildActionMask = 2147483647;
			files = (
			);
			runOnlyForDeploymentPostprocessing = 0;
		};
/* End PBXFrameworksBuildPhase section */

/* Begin PBXGroup section */
		90342E982999D40B00539BAD /* Components */ = {
			isa = PBXGroup;
			children = (
				90342E992999D42D00539BAD /* BlobView.swift */,
				90342E9C2999D45100539BAD /* FeaturedItems.swift */,
				90342E9E2999D46200539BAD /* HexagonView.swift */,
				90342EA02999D4A000539BAD /* CourseItem.swift */,
			);
			path = Components;
			sourceTree = "<group>";
		};
		903D5CB7299187520032DD52 = {
			isa = PBXGroup;
			children = (
				903D5CC2299187520032DD52 /* brain_games_app */,
				903D5CCA299187590032DD52 /* Preview Content */,
				903D5CC1299187520032DD52 /* Products */,
			);
			sourceTree = "<group>";
		};
		903D5CC1299187520032DD52 /* Products */ = {
			isa = PBXGroup;
			children = (
				903D5CC0299187520032DD52 /* brain_games_app.app */,
			);
			name = Products;
			sourceTree = "<group>";
		};
		903D5CC2299187520032DD52 /* brain_games_app */ = {
			isa = PBXGroup;
			children = (
				90342E982999D40B00539BAD /* Components */,
				90D01EFC299996AF00EA3065 /* Views */,
				903D5CC3299187520032DD52 /* brain_games_appApp.swift */,
				90D01EF829998DBD00EA3065 /* Navigation */,
				903D5CC5299187520032DD52 /* ContentView.swift */,
				903D5CC9299187590032DD52 /* brain_games_app.entitlements */,
				90D01EF629998D8000EA3065 /* Styles */,
			);
			path = brain_games_app;
			sourceTree = "<group>";
		};
		903D5CCA299187590032DD52 /* Preview Content */ = {
			isa = PBXGroup;
			children = (
				903D5CCB299187590032DD52 /* Preview Assets.xcassets */,
			);
			path = "Preview Content";
			sourceTree = "<group>";
		};
		90D01EFC299996AF00EA3065 /* Views */ = {
			isa = PBXGroup;
			children = (
				90342E942999981E00539BAD /* MatchedView.swift */,
				90342E96299998BF00539BAD /* Home View.swift */,
				90342EA22999D5E300539BAD /* CourseView.swift */,
			);
			name = Views;
			path = brain_games_app/Views;
			sourceTree = SOURCE_ROOT;
		};
/* End PBXGroup section */

/* Begin PBXNativeTarget section */
		903D5CBF299187520032DD52 /* brain_games_app */ = {
			isa = PBXNativeTarget;
			buildConfigurationList = 903D5CCF299187590032DD52 /* Build configuration list for PBXNativeTarget "brain_games_app" */;
			buildPhases = (
				903D5CBC299187520032DD52 /* Sources */,
				903D5CBD299187520032DD52 /* Frameworks */,
				903D5CBE299187520032DD52 /* Resources */,
			);
			buildRules = (
			);
			dependencies = (
			);
			name = brain_games_app;
			productName = brain_games_app;
			productReference = 903D5CC0299187520032DD52 /* brain_games_app.app */;
			productType = "com.apple.product-type.application";
		};
/* End PBXNativeTarget section */

/* Begin PBXProject section */
		903D5CB8299187520032DD52 /* Project object */ = {
			isa = PBXProject;
			attributes = {
				BuildIndependentTargetsInParallel = 1;
				LastSwiftUpdateCheck = 1420;
				LastUpgradeCheck = 1420;
				TargetAttributes = {
					903D5CBF299187520032DD52 = {
						CreatedOnToolsVersion = 14.2;
					};
				};
			};
			buildConfigurationList = 903D5CBB299187520032DD52 /* Build configuration list for PBXProject "brain_games_app" */;
			compatibilityVersion = "Xcode 14.0";
			developmentRegion = en;
			hasScannedForEncodings = 0;
			knownRegions = (
				en,
				Base,
			);
			mainGroup = 903D5CB7299187520032DD52;
			productRefGroup = 903D5CC1299187520032DD52 /* Products */;
			projectDirPath = "";
			projectRoot = "";
			targets = (
				903D5CBF299187520032DD52 /* brain_games_app */,
			);
		};
/* End PBXProject section */

/* Begin PBXResourcesBuildPhase section */
		903D5CBE299187520032DD52 /* Resources */ = {
			isa = PBXResourcesBuildPhase;
			buildActionMask = 2147483647;
			files = (
				90D01EF929998DBD00EA3065 /* Navigation in Resources */,
				90D01EF729998D8000EA3065 /* Styles in Resources */,
				903D5CCC299187590032DD52 /* Preview Assets.xcassets in Resources */,
			);
			runOnlyForDeploymentPostprocessing = 0;
		};
/* End PBXResourcesBuildPhase section */

/* Begin PBXSourcesBuildPhase section */
		903D5CBC299187520032DD52 /* Sources */ = {
			isa = PBXSourcesBuildPhase;
			buildActionMask = 2147483647;
			files = (
				90342E9D2999D45100539BAD /* FeaturedItems.swift in Sources */,
				90342E9F2999D46200539BAD /* HexagonView.swift in Sources */,
				90342EA32999D5E300539BAD /* CourseView.swift in Sources */,
				90342E9A2999D42D00539BAD /* BlobView.swift in Sources */,
				90342EA12999D4A000539BAD /* CourseItem.swift in Sources */,
				903D5CC6299187520032DD52 /* ContentView.swift in Sources */,
				90342E952999981E00539BAD /* MatchedView.swift in Sources */,
				90342E97299998BF00539BAD /* Home View.swift in Sources */,
				903D5CC4299187520032DD52 /* brain_games_appApp.swift in Sources */,
			);
			runOnlyForDeploymentPostprocessing = 0;
		};
/* End PBXSourcesBuildPhase section */

/* Begin XCBuildConfiguration section */
		903D5CCD299187590032DD52 /* Debug */ = {
			isa = XCBuildConfiguration;
			buildSettings = {
				ALWAYS_SEARCH_USER_PATHS = NO;
				CLANG_ANALYZER_NONNULL = YES;
				CLANG_ANALYZER_NUMBER_OBJECT_CONVERSION = YES_AGGRESSIVE;
				CLANG_CXX_LANGUAGE_STANDARD = "gnu++20";
				CLANG_ENABLE_MODULES = YES;
				CLANG_ENABLE_OBJC_ARC = YES;
				CLANG_ENABLE_OBJC_WEAK = YES;
				CLANG_WARN_BLOCK_CAPTURE_AUTORELEASING = YES;
				CLANG_WARN_BOOL_CONVERSION = YES;
				CLANG_WARN_COMMA = YES;
				CLANG_WARN_CONSTANT_CONVERSION = YES;
				CLANG_WARN_DEPRECATED_OBJC_IMPLEMENTATIONS = YES;
				CLANG_WARN_DIRECT_OBJC_ISA_USAGE = YES_ERROR;
				CLANG_WARN_DOCUMENTATION_COMMENTS = YES;
				CLANG_WARN_EMPTY_BODY = YES;
				CLANG_WARN_ENUM_CONVERSION = YES;
				CLANG_WARN_INFINITE_RECURSION = YES;
				CLANG_WARN_INT_CONVERSION = YES;
				CLANG_WARN_NON_LITERAL_NULL_CONVERSION = YES;
				CLANG_WARN_OBJC_IMPLICIT_RETAIN_SELF = YES;
				CLANG_WARN_OBJC_LITERAL_CONVERSION = YES;
				CLANG_WARN_OBJC_ROOT_CLASS = YES_ERROR;
				CLANG_WARN_QUOTED_INCLUDE_IN_FRAMEWORK_HEADER = YES;
				CLANG_WARN_RANGE_LOOP_ANALYSIS = YES;
				CLANG_WARN_STRICT_PROTOTYPES = YES;
				CLANG_WARN_SUSPICIOUS_MOVE = YES;
				CLANG_WARN_UNGUARDED_AVAILABILITY = YES_AGGRESSIVE;
				CLANG_WARN_UNREACHABLE_CODE = YES;
				CLANG_WARN__DUPLICATE_METHOD_MATCH = YES;
				COPY_PHASE_STRIP = NO;
				DEBUG_INFORMATION_FORMAT = dwarf;
				ENABLE_STRICT_OBJC_MSGSEND = YES;
				ENABLE_TESTABILITY = YES;
				GCC_C_LANGUAGE_STANDARD = gnu11;
				GCC_DYNAMIC_NO_PIC = NO;
				GCC_NO_COMMON_BLOCKS = YES;
				GCC_OPTIMIZATION_LEVEL = 0;
				GCC_PREPROCESSOR_DEFINITIONS = (
					"DEBUG=1",
					"$(inherited)",
				);
				GCC_WARN_64_TO_32_BIT_CONVERSION = YES;
				GCC_WARN_ABOUT_RETURN_TYPE = YES_ERROR;
				GCC_WARN_UNDECLARED_SELECTOR = YES;
				GCC_WARN_UNINITIALIZED_AUTOS = YES_AGGRESSIVE;
				GCC_WARN_UNUSED_FUNCTION = YES;
				GCC_WARN_UNUSED_VARIABLE = YES;
				MTL_ENABLE_DEBUG_INFO = INCLUDE_SOURCE;
				MTL_FAST_MATH = YES;
				ONLY_ACTIVE_ARCH = YES;
				SWIFT_ACTIVE_COMPILATION_CONDITIONS = DEBUG;
				SWIFT_OPTIMIZATION_LEVEL = "-Onone";
			};
			name = Debug;
		};
		903D5CCE299187590032DD52 /* Release */ = {
			isa = XCBuildConfiguration;
			buildSettings = {
				ALWAYS_SEARCH_USER_PATHS = NO;
				CLANG_ANALYZER_NONNULL = YES;
				CLANG_ANALYZER_NUMBER_OBJECT_CONVERSION = YES_AGGRESSIVE;
				CLANG_CXX_LANGUAGE_STANDARD = "gnu++20";
				CLANG_ENABLE_MODULES = YES;
				CLANG_ENABLE_OBJC_ARC = YES;
				CLANG_ENABLE_OBJC_WEAK = YES;
				CLANG_WARN_BLOCK_CAPTURE_AUTORELEASING = YES;
				CLANG_WARN_BOOL_CONVERSION = YES;
				CLANG_WARN_COMMA = YES;
				CLANG_WARN_CONSTANT_CONVERSION = YES;
				CLANG_WARN_DEPRECATED_OBJC_IMPLEMENTATIONS = YES;
				CLANG_WARN_DIRECT_OBJC_ISA_USAGE = YES_ERROR;
				CLANG_WARN_DOCUMENTATION_COMMENTS = YES;
				CLANG_WARN_EMPTY_BODY = YES;
				CLANG_WARN_ENUM_CONVERSION = YES;
				CLANG_WARN_INFINITE_RECURSION = YES;
				CLANG_WARN_INT_CONVERSION = YES;
				CLANG_WARN_NON_LITERAL_NULL_CONVERSION = YES;
				CLANG_WARN_OBJC_IMPLICIT_RETAIN_SELF = YES;
				CLANG_WARN_OBJC_LITERAL_CONVERSION = YES;
				CLANG_WARN_OBJC_ROOT_CLASS = YES_ERROR;
				CLANG_WARN_QUOTED_INCLUDE_IN_FRAMEWORK_HEADER = YES;
				CLANG_WARN_RANGE_LOOP_ANALYSIS = YES;
				CLANG_WARN_STRICT_PROTOTYPES = YES;
				CLANG_WARN_SUSPICIOUS_MOVE = YES;
				CLANG_WARN_UNGUARDED_AVAILABILITY = YES_AGGRESSIVE;
				CLANG_WARN_UNREACHABLE_CODE = YES;
				CLANG_WARN__DUPLICATE_METHOD_MATCH = YES;
				COPY_PHASE_STRIP = NO;
				DEBUG_INFORMATION_FORMAT = "dwarf-with-dsym";
				ENABLE_NS_ASSERTIONS = NO;
				ENABLE_STRICT_OBJC_MSGSEND = YES;
				GCC_C_LANGUAGE_STANDARD = gnu11;
				GCC_NO_COMMON_BLOCKS = YES;
				GCC_WARN_64_TO_32_BIT_CONVERSION = YES;
				GCC_WARN_ABOUT_RETURN_TYPE = YES_ERROR;
				GCC_WARN_UNDECLARED_SELECTOR = YES;
				GCC_WARN_UNINITIALIZED_AUTOS = YES_AGGRESSIVE;
				GCC_WARN_UNUSED_FUNCTION = YES;
				GCC_WARN_UNUSED_VARIABLE = YES;
				MTL_ENABLE_DEBUG_INFO = NO;
				MTL_FAST_MATH = YES;
				SWIFT_COMPILATION_MODE = wholemodule;
				SWIFT_OPTIMIZATION_LEVEL = "-O";
			};
			name = Release;
		};
		903D5CD0299187590032DD52 /* Debug */ = {
			isa = XCBuildConfiguration;
			buildSettings = {
				ASSETCATALOG_COMPILER_APPICON_NAME = AppIcon;
				ASSETCATALOG_COMPILER_GLOBAL_ACCENT_COLOR_NAME = AccentColor;
				CODE_SIGN_ENTITLEMENTS = brain_games_app/brain_games_app.entitlements;
				CODE_SIGN_STYLE = Automatic;
				CURRENT_PROJECT_VERSION = 1;
				DEVELOPMENT_ASSET_PATHS = "\"brain_games_app/Preview Content\"";
				DEVELOPMENT_TEAM = BRWR5Y7JB2;
				ENABLE_HARDENED_RUNTIME = YES;
				ENABLE_PREVIEWS = YES;
				GENERATE_INFOPLIST_FILE = YES;
				"INFOPLIST_KEY_UIApplicationSceneManifest_Generation[sdk=iphoneos*]" = YES;
				"INFOPLIST_KEY_UIApplicationSceneManifest_Generation[sdk=iphonesimulator*]" = YES;
				"INFOPLIST_KEY_UIApplicationSupportsIndirectInputEvents[sdk=iphoneos*]" = YES;
				"INFOPLIST_KEY_UIApplicationSupportsIndirectInputEvents[sdk=iphonesimulator*]" = YES;
				"INFOPLIST_KEY_UILaunchScreen_Generation[sdk=iphoneos*]" = YES;
				"INFOPLIST_KEY_UILaunchScreen_Generation[sdk=iphonesimulator*]" = YES;
				"INFOPLIST_KEY_UIStatusBarStyle[sdk=iphoneos*]" = UIStatusBarStyleDefault;
				"INFOPLIST_KEY_UIStatusBarStyle[sdk=iphonesimulator*]" = UIStatusBarStyleDefault;
				INFOPLIST_KEY_UISupportedInterfaceOrientations_iPad = "UIInterfaceOrientationPortrait UIInterfaceOrientationPortraitUpsideDown UIInterfaceOrientationLandscapeLeft UIInterfaceOrientationLandscapeRight";
				INFOPLIST_KEY_UISupportedInterfaceOrientations_iPhone = "UIInterfaceOrientationPortrait UIInterfaceOrientationLandscapeLeft UIInterfaceOrientationLandscapeRight";
				IPHONEOS_DEPLOYMENT_TARGET = 16.2;
				LD_RUNPATH_SEARCH_PATHS = "@executable_path/Frameworks";
				"LD_RUNPATH_SEARCH_PATHS[sdk=macosx*]" = "@executable_path/../Frameworks";
				MACOSX_DEPLOYMENT_TARGET = 12.6;
				MARKETING_VERSION = 1.0;
				PRODUCT_BUNDLE_IDENTIFIER = "christinathucanh.brain-games-app";
				PRODUCT_NAME = "$(TARGET_NAME)";
				SDKROOT = auto;
				SUPPORTED_PLATFORMS = "iphoneos iphonesimulator macosx";
				SWIFT_EMIT_LOC_STRINGS = YES;
				SWIFT_VERSION = 5.0;
				TARGETED_DEVICE_FAMILY = "1,2";
			};
			name = Debug;
		};
		903D5CD1299187590032DD52 /* Release */ = {
			isa = XCBuildConfiguration;
			buildSettings = {
				ASSETCATALOG_COMPILER_APPICON_NAME = AppIcon;
				ASSETCATALOG_COMPILER_GLOBAL_ACCENT_COLOR_NAME = AccentColor;
				CODE_SIGN_ENTITLEMENTS = brain_games_app/brain_games_app.entitlements;
				CODE_SIGN_STYLE = Automatic;
				CURRENT_PROJECT_VERSION = 1;
				DEVELOPMENT_ASSET_PATHS = "\"brain_games_app/Preview Content\"";
				DEVELOPMENT_TEAM = BRWR5Y7JB2;
				ENABLE_HARDENED_RUNTIME = YES;
				ENABLE_PREVIEWS = YES;
				GENERATE_INFOPLIST_FILE = YES;
				"INFOPLIST_KEY_UIApplicationSceneManifest_Generation[sdk=iphoneos*]" = YES;
				"INFOPLIST_KEY_UIApplicationSceneManifest_Generation[sdk=iphonesimulator*]" = YES;
				"INFOPLIST_KEY_UIApplicationSupportsIndirectInputEvents[sdk=iphoneos*]" = YES;
				"INFOPLIST_KEY_UIApplicationSupportsIndirectInputEvents[sdk=iphonesimulator*]" = YES;
				"INFOPLIST_KEY_UILaunchScreen_Generation[sdk=iphoneos*]" = YES;
				"INFOPLIST_KEY_UILaunchScreen_Generation[sdk=iphonesimulator*]" = YES;
				"INFOPLIST_KEY_UIStatusBarStyle[sdk=iphoneos*]" = UIStatusBarStyleDefault;
				"INFOPLIST_KEY_UIStatusBarStyle[sdk=iphonesimulator*]" = UIStatusBarStyleDefault;
				INFOPLIST_KEY_UISupportedInterfaceOrientations_iPad = "UIInterfaceOrientationPortrait UIInterfaceOrientationPortraitUpsideDown UIInterfaceOrientationLandscapeLeft UIInterfaceOrientationLandscapeRight";
				INFOPLIST_KEY_UISupportedInterfaceOrientations_iPhone = "UIInterfaceOrientationPortrait UIInterfaceOrientationLandscapeLeft UIInterfaceOrientationLandscapeRight";
				IPHONEOS_DEPLOYMENT_TARGET = 16.2;
				LD_RUNPATH_SEARCH_PATHS = "@executable_path/Frameworks";
				"LD_RUNPATH_SEARCH_PATHS[sdk=macosx*]" = "@executable_path/../Frameworks";
				MACOSX_DEPLOYMENT_TARGET = 12.6;
				MARKETING_VERSION = 1.0;
				PRODUCT_BUNDLE_IDENTIFIER = "christinathucanh.brain-games-app";
				PRODUCT_NAME = "$(TARGET_NAME)";
				SDKROOT = auto;
				SUPPORTED_PLATFORMS = "iphoneos iphonesimulator macosx";
				SWIFT_EMIT_LOC_STRINGS = YES;
				SWIFT_VERSION = 5.0;
				TARGETED_DEVICE_FAMILY = "1,2";
			};
			name = Release;
		};
/* End XCBuildConfiguration section */

/* Begin XCConfigurationList section */
		903D5CBB299187520032DD52 /* Build configuration list for PBXProject "brain_games_app" */ = {
			isa = XCConfigurationList;
			buildConfigurations = (
				903D5CCD299187590032DD52 /* Debug */,
				903D5CCE299187590032DD52 /* Release */,
			);
			defaultConfigurationIsVisible = 0;
			defaultConfigurationName = Release;
		};
		903D5CCF299187590032DD52 /* Build configuration list for PBXNativeTarget "brain_games_app" */ = {
			isa = XCConfigurationList;
			buildConfigurations = (
				903D5CD0299187590032DD52 /* Debug */,
				903D5CD1299187590032DD52 /* Release */,
			);
			defaultConfigurationIsVisible = 0;
			defaultConfigurationName = Release;
		};
/* End XCConfigurationList section */
	};
	rootObject = 903D5CB8299187520032DD52 /* Project object */;
}
